{
  "version": 4,
  "terraform_version": "1.4.2",
  "serial": 14,
  "lineage": "f3629904-8a8d-9204-3f93-8fcc90fb9604",
  "outputs": {},
  "resources": [
    {
      "module": "module.bootstrap",
      "mode": "managed",
      "type": "aws_dynamodb_table",
      "name": "terraform_state_lock",
      "provider": "provider[\"registry.terraform.io/hashicorp/aws\"]",
      "instances": [
        {
          "schema_version": 1,
          "attributes": {
            "arn": "arn:aws:dynamodb:eu-west-1:777963273649:table/terraform-state-lock",
            "attribute": [
              {
                "name": "LockID",
                "type": "S"
              }
            ],
            "billing_mode": "PROVISIONED",
            "deletion_protection_enabled": false,
            "global_secondary_index": [],
            "hash_key": "LockID",
            "id": "terraform-state-lock",
            "local_secondary_index": [],
            "name": "terraform-state-lock",
            "point_in_time_recovery": [
              {
                "enabled": false
              }
            ],
            "range_key": null,
            "read_capacity": 2,
            "replica": [],
            "restore_date_time": null,
            "restore_source_name": null,
            "restore_to_latest_time": null,
            "server_side_encryption": [
              {
                "enabled": true,
                "kms_key_arn": ""
              }
            ],
            "stream_arn": "",
            "stream_enabled": false,
            "stream_label": "",
            "stream_view_type": "",
            "table_class": "STANDARD",
            "tags": {
              "Automation": "Terraform",
              "Name": "terraform-state-lock"
            },
            "tags_all": {
              "Automation": "Terraform",
              "Name": "terraform-state-lock",
              "application": "terraform",
              "env": "common",
              "terraform": "true",
              "tfrepo": "project-special"
            },
            "timeouts": null,
            "ttl": [
              {
                "attribute_name": "",
                "enabled": false
              }
            ],
            "write_capacity": 2
          },
          "sensitive_attributes": [],
          "private": "eyJlMmJmYjczMC1lY2FhLTExZTYtOGY4OC0zNDM2M2JjN2M0YzAiOnsiY3JlYXRlIjoxODAwMDAwMDAwMDAwLCJkZWxldGUiOjYwMDAwMDAwMDAwMCwidXBkYXRlIjozNjAwMDAwMDAwMDAwfSwic2NoZW1hX3ZlcnNpb24iOiIxIn0="
        }
      ]
    },
    {
      "module": "module.bootstrap.module.terraform_state_bucket_logs",
      "mode": "data",
      "type": "aws_caller_identity",
      "name": "current",
      "provider": "provider[\"registry.terraform.io/hashicorp/aws\"]",
      "instances": [
        {
          "schema_version": 0,
          "attributes": {
            "account_id": "777963273649",
            "arn": "arn:aws:iam::777963273649:user/keycore-mc-admin",
            "id": "777963273649",
            "user_id": "AIDA3KIRZPWYW33VTSDCV"
          },
          "sensitive_attributes": []
        }
      ]
    },
    {
      "module": "module.bootstrap.module.terraform_state_bucket_logs",
      "mode": "data",
      "type": "aws_elb_service_account",
      "name": "main",
      "provider": "provider[\"registry.terraform.io/hashicorp/aws\"]",
      "instances": [
        {
          "schema_version": 0,
          "attributes": {
            "arn": "arn:aws:iam::156460612806:root",
            "id": "156460612806",
            "region": null
          },
          "sensitive_attributes": []
        }
      ]
    },
    {
      "module": "module.bootstrap.module.terraform_state_bucket_logs",
      "mode": "data",
      "type": "aws_iam_policy_document",
      "name": "main",
      "provider": "provider[\"registry.terraform.io/hashicorp/aws\"]",
      "instances": [
        {
          "schema_version": 0,
          "attributes": {
            "id": "714082581",
            "json": "{\n  \"Version\": \"2012-10-17\",\n  \"Statement\": [\n    {\n      \"Sid\": \"cloudtrail-logs-get-bucket-acl\",\n      \"Effect\": \"Deny\",\n      \"Action\": \"s3:GetBucketAcl\",\n      \"Resource\": \"arn:aws:s3:::project-special-tf-state-log-eu-west-1\",\n      \"Principal\": {\n        \"Service\": \"cloudtrail.amazonaws.com\"\n      }\n    },\n    {\n      \"Sid\": \"cloudtrail-logs-put-object\",\n      \"Effect\": \"Deny\",\n      \"Action\": \"s3:PutObject\",\n      \"Resource\": \"arn:aws:s3:::project-special-tf-state-log-eu-west-1/cloudtrail/AWSLogs/777963273649/*\",\n      \"Principal\": {\n        \"Service\": \"cloudtrail.amazonaws.com\"\n      },\n      \"Condition\": {\n        \"StringEquals\": {\n          \"s3:x-amz-acl\": \"bucket-owner-full-control\"\n        }\n      }\n    },\n    {\n      \"Sid\": \"cloudwatch-logs-get-bucket-acl\",\n      \"Effect\": \"Deny\",\n      \"Action\": \"s3:GetBucketAcl\",\n      \"Resource\": \"arn:aws:s3:::project-special-tf-state-log-eu-west-1\",\n      \"Principal\": {\n        \"Service\": \"logs.eu-west-1.amazonaws.com\"\n      }\n    },\n    {\n      \"Sid\": \"cloudwatch-logs-put-object\",\n      \"Effect\": \"Deny\",\n      \"Action\": \"s3:PutObject\",\n      \"Resource\": \"arn:aws:s3:::project-special-tf-state-log-eu-west-1/cloudwatch/*\",\n      \"Principal\": {\n        \"Service\": \"logs.eu-west-1.amazonaws.com\"\n      },\n      \"Condition\": {\n        \"StringEquals\": {\n          \"s3:x-amz-acl\": \"bucket-owner-full-control\"\n        }\n      }\n    },\n    {\n      \"Sid\": \"config-permissions-check\",\n      \"Effect\": \"Deny\",\n      \"Action\": [\n        \"s3:ListBucket\",\n        \"s3:GetBucketAcl\"\n      ],\n      \"Resource\": \"arn:aws:s3:::project-special-tf-state-log-eu-west-1\",\n      \"Principal\": {\n        \"Service\": \"config.amazonaws.com\"\n      }\n    },\n    {\n      \"Sid\": \"config-bucket-delivery-0\",\n      \"Effect\": \"Deny\",\n      \"Action\": [\n        \"s3:PutObjectAcl\",\n        \"s3:PutObject\"\n      ],\n      \"Resource\": \"arn:aws:s3:::project-special-tf-state-log-eu-west-1/config/AWSLogs/777963273649/Config/*\",\n      \"Principal\": {\n        \"Service\": \"config.amazonaws.com\"\n      },\n      \"Condition\": {\n        \"StringEquals\": {\n          \"AWS:SourceAccount\": \"777963273649\",\n          \"s3:x-amz-acl\": \"bucket-owner-full-control\"\n        }\n      }\n    },\n    {\n      \"Sid\": \"elb-logs-put-object\",\n      \"Effect\": \"Deny\",\n      \"Action\": \"s3:PutObject\",\n      \"Resource\": \"arn:aws:s3:::project-special-tf-state-log-eu-west-1/elb/AWSLogs/777963273649/*\",\n      \"Principal\": {\n        \"AWS\": \"arn:aws:iam::156460612806:root\"\n      }\n    },\n    {\n      \"Sid\": \"alb-logs-put-object\",\n      \"Effect\": \"Deny\",\n      \"Action\": \"s3:PutObject\",\n      \"Resource\": \"arn:aws:s3:::project-special-tf-state-log-eu-west-1/alb/AWSLogs/777963273649/*\",\n      \"Principal\": {\n        \"AWS\": \"arn:aws:iam::156460612806:root\"\n      }\n    },\n    {\n      \"Sid\": \"nlb-logs-put-object\",\n      \"Effect\": \"Deny\",\n      \"Action\": \"s3:PutObject\",\n      \"Resource\": \"arn:aws:s3:::project-special-tf-state-log-eu-west-1/nlb/AWSLogs/777963273649/*\",\n      \"Principal\": {\n        \"Service\": \"delivery.logs.amazonaws.com\"\n      },\n      \"Condition\": {\n        \"StringEquals\": {\n          \"s3:x-amz-acl\": \"bucket-owner-full-control\"\n        }\n      }\n    },\n    {\n      \"Sid\": \"nlb-logs-acl-check\",\n      \"Effect\": \"Deny\",\n      \"Action\": \"s3:GetBucketAcl\",\n      \"Resource\": \"arn:aws:s3:::project-special-tf-state-log-eu-west-1\",\n      \"Principal\": {\n        \"Service\": \"delivery.logs.amazonaws.com\"\n      }\n    },\n    {\n      \"Sid\": \"redshift-logs-put-object\",\n      \"Effect\": \"Deny\",\n      \"Action\": \"s3:PutObject\",\n      \"Resource\": \"arn:aws:s3:::project-special-tf-state-log-eu-west-1/redshift/*\",\n      \"Principal\": {\n        \"AWS\": \"arn:aws:iam::210876761215:user/logs\"\n      }\n    },\n    {\n      \"Sid\": \"redshift-logs-get-bucket-acl\",\n      \"Effect\": \"Deny\",\n      \"Action\": \"s3:GetBucketAcl\",\n      \"Resource\": \"arn:aws:s3:::project-special-tf-state-log-eu-west-1\",\n      \"Principal\": {\n        \"AWS\": \"arn:aws:iam::210876761215:user/logs\"\n      }\n    },\n    {\n      \"Sid\": \"enforce-tls-requests-only\",\n      \"Effect\": \"Deny\",\n      \"Action\": \"s3:*\",\n      \"Resource\": [\n        \"arn:aws:s3:::project-special-tf-state-log-eu-west-1/*\",\n        \"arn:aws:s3:::project-special-tf-state-log-eu-west-1\"\n      ],\n      \"Principal\": {\n        \"AWS\": \"*\"\n      },\n      \"Condition\": {\n        \"Bool\": {\n          \"aws:SecureTransport\": \"false\"\n        }\n      }\n    }\n  ]\n}",
            "override_json": null,
            "override_policy_documents": null,
            "policy_id": null,
            "source_json": null,
            "source_policy_documents": null,
            "statement": [
              {
                "actions": [
                  "s3:GetBucketAcl"
                ],
                "condition": [],
                "effect": "Deny",
                "not_actions": [],
                "not_principals": [],
                "not_resources": [],
                "principals": [
                  {
                    "identifiers": [
                      "cloudtrail.amazonaws.com"
                    ],
                    "type": "Service"
                  }
                ],
                "resources": [
                  "arn:aws:s3:::project-special-tf-state-log-eu-west-1"
                ],
                "sid": "cloudtrail-logs-get-bucket-acl"
              },
              {
                "actions": [
                  "s3:PutObject"
                ],
                "condition": [
                  {
                    "test": "StringEquals",
                    "values": [
                      "bucket-owner-full-control"
                    ],
                    "variable": "s3:x-amz-acl"
                  }
                ],
                "effect": "Deny",
                "not_actions": [],
                "not_principals": [],
                "not_resources": [],
                "principals": [
                  {
                    "identifiers": [
                      "cloudtrail.amazonaws.com"
                    ],
                    "type": "Service"
                  }
                ],
                "resources": [
                  "arn:aws:s3:::project-special-tf-state-log-eu-west-1/cloudtrail/AWSLogs/777963273649/*"
                ],
                "sid": "cloudtrail-logs-put-object"
              },
              {
                "actions": [
                  "s3:GetBucketAcl"
                ],
                "condition": [],
                "effect": "Deny",
                "not_actions": [],
                "not_principals": [],
                "not_resources": [],
                "principals": [
                  {
                    "identifiers": [
                      "logs.eu-west-1.amazonaws.com"
                    ],
                    "type": "Service"
                  }
                ],
                "resources": [
                  "arn:aws:s3:::project-special-tf-state-log-eu-west-1"
                ],
                "sid": "cloudwatch-logs-get-bucket-acl"
              },
              {
                "actions": [
                  "s3:PutObject"
                ],
                "condition": [
                  {
                    "test": "StringEquals",
                    "values": [
                      "bucket-owner-full-control"
                    ],
                    "variable": "s3:x-amz-acl"
                  }
                ],
                "effect": "Deny",
                "not_actions": [],
                "not_principals": [],
                "not_resources": [],
                "principals": [
                  {
                    "identifiers": [
                      "logs.eu-west-1.amazonaws.com"
                    ],
                    "type": "Service"
                  }
                ],
                "resources": [
                  "arn:aws:s3:::project-special-tf-state-log-eu-west-1/cloudwatch/*"
                ],
                "sid": "cloudwatch-logs-put-object"
              },
              {
                "actions": [
                  "s3:GetBucketAcl",
                  "s3:ListBucket"
                ],
                "condition": [],
                "effect": "Deny",
                "not_actions": [],
                "not_principals": [],
                "not_resources": [],
                "principals": [
                  {
                    "identifiers": [
                      "config.amazonaws.com"
                    ],
                    "type": "Service"
                  }
                ],
                "resources": [
                  "arn:aws:s3:::project-special-tf-state-log-eu-west-1"
                ],
                "sid": "config-permissions-check"
              },
              {
                "actions": [
                  "s3:PutObject",
                  "s3:PutObjectAcl"
                ],
                "condition": [
                  {
                    "test": "StringEquals",
                    "values": [
                      "777963273649"
                    ],
                    "variable": "AWS:SourceAccount"
                  },
                  {
                    "test": "StringEquals",
                    "values": [
                      "bucket-owner-full-control"
                    ],
                    "variable": "s3:x-amz-acl"
                  }
                ],
                "effect": "Deny",
                "not_actions": [],
                "not_principals": [],
                "not_resources": [],
                "principals": [
                  {
                    "identifiers": [
                      "config.amazonaws.com"
                    ],
                    "type": "Service"
                  }
                ],
                "resources": [
                  "arn:aws:s3:::project-special-tf-state-log-eu-west-1/config/AWSLogs/777963273649/Config/*"
                ],
                "sid": "config-bucket-delivery-0"
              },
              {
                "actions": [
                  "s3:PutObject"
                ],
                "condition": [],
                "effect": "Deny",
                "not_actions": [],
                "not_principals": [],
                "not_resources": [],
                "principals": [
                  {
                    "identifiers": [
                      "arn:aws:iam::156460612806:root"
                    ],
                    "type": "AWS"
                  }
                ],
                "resources": [
                  "arn:aws:s3:::project-special-tf-state-log-eu-west-1/elb/AWSLogs/777963273649/*"
                ],
                "sid": "elb-logs-put-object"
              },
              {
                "actions": [
                  "s3:PutObject"
                ],
                "condition": [],
                "effect": "Deny",
                "not_actions": [],
                "not_principals": [],
                "not_resources": [],
                "principals": [
                  {
                    "identifiers": [
                      "arn:aws:iam::156460612806:root"
                    ],
                    "type": "AWS"
                  }
                ],
                "resources": [
                  "arn:aws:s3:::project-special-tf-state-log-eu-west-1/alb/AWSLogs/777963273649/*"
                ],
                "sid": "alb-logs-put-object"
              },
              {
                "actions": [
                  "s3:PutObject"
                ],
                "condition": [
                  {
                    "test": "StringEquals",
                    "values": [
                      "bucket-owner-full-control"
                    ],
                    "variable": "s3:x-amz-acl"
                  }
                ],
                "effect": "Deny",
                "not_actions": [],
                "not_principals": [],
                "not_resources": [],
                "principals": [
                  {
                    "identifiers": [
                      "delivery.logs.amazonaws.com"
                    ],
                    "type": "Service"
                  }
                ],
                "resources": [
                  "arn:aws:s3:::project-special-tf-state-log-eu-west-1/nlb/AWSLogs/777963273649/*"
                ],
                "sid": "nlb-logs-put-object"
              },
              {
                "actions": [
                  "s3:GetBucketAcl"
                ],
                "condition": [],
                "effect": "Deny",
                "not_actions": [],
                "not_principals": [],
                "not_resources": [],
                "principals": [
                  {
                    "identifiers": [
                      "delivery.logs.amazonaws.com"
                    ],
                    "type": "Service"
                  }
                ],
                "resources": [
                  "arn:aws:s3:::project-special-tf-state-log-eu-west-1"
                ],
                "sid": "nlb-logs-acl-check"
              },
              {
                "actions": [
                  "s3:PutObject"
                ],
                "condition": [],
                "effect": "Deny",
                "not_actions": [],
                "not_principals": [],
                "not_resources": [],
                "principals": [
                  {
                    "identifiers": [
                      "arn:aws:iam::210876761215:user/logs"
                    ],
                    "type": "AWS"
                  }
                ],
                "resources": [
                  "arn:aws:s3:::project-special-tf-state-log-eu-west-1/redshift/*"
                ],
                "sid": "redshift-logs-put-object"
              },
              {
                "actions": [
                  "s3:GetBucketAcl"
                ],
                "condition": [],
                "effect": "Deny",
                "not_actions": [],
                "not_principals": [],
                "not_resources": [],
                "principals": [
                  {
                    "identifiers": [
                      "arn:aws:iam::210876761215:user/logs"
                    ],
                    "type": "AWS"
                  }
                ],
                "resources": [
                  "arn:aws:s3:::project-special-tf-state-log-eu-west-1"
                ],
                "sid": "redshift-logs-get-bucket-acl"
              },
              {
                "actions": [
                  "s3:*"
                ],
                "condition": [
                  {
                    "test": "Bool",
                    "values": [
                      "false"
                    ],
                    "variable": "aws:SecureTransport"
                  }
                ],
                "effect": "Deny",
                "not_actions": [],
                "not_principals": [],
                "not_resources": [],
                "principals": [
                  {
                    "identifiers": [
                      "*"
                    ],
                    "type": "AWS"
                  }
                ],
                "resources": [
                  "arn:aws:s3:::project-special-tf-state-log-eu-west-1",
                  "arn:aws:s3:::project-special-tf-state-log-eu-west-1/*"
                ],
                "sid": "enforce-tls-requests-only"
              }
            ],
            "version": "2012-10-17"
          },
          "sensitive_attributes": []
        }
      ]
    },
    {
      "module": "module.bootstrap.module.terraform_state_bucket_logs",
      "mode": "data",
      "type": "aws_partition",
      "name": "current",
      "provider": "provider[\"registry.terraform.io/hashicorp/aws\"]",
      "instances": [
        {
          "schema_version": 0,
          "attributes": {
            "dns_suffix": "amazonaws.com",
            "id": "aws",
            "partition": "aws",
            "reverse_dns_prefix": "com.amazonaws"
          },
          "sensitive_attributes": []
        }
      ]
    },
    {
      "module": "module.bootstrap.module.terraform_state_bucket_logs",
      "mode": "data",
      "type": "aws_redshift_service_account",
      "name": "main",
      "provider": "provider[\"registry.terraform.io/hashicorp/aws\"]",
      "instances": [
        {
          "schema_version": 0,
          "attributes": {
            "arn": "arn:aws:iam::210876761215:user/logs",
            "id": "210876761215",
            "region": null
          },
          "sensitive_attributes": []
        }
      ]
    },
    {
      "module": "module.bootstrap.module.terraform_state_bucket_logs",
      "mode": "data",
      "type": "aws_region",
      "name": "current",
      "provider": "provider[\"registry.terraform.io/hashicorp/aws\"]",
      "instances": [
        {
          "schema_version": 0,
          "attributes": {
            "description": "Europe (Ireland)",
            "endpoint": "ec2.eu-west-1.amazonaws.com",
            "id": "eu-west-1",
            "name": "eu-west-1"
          },
          "sensitive_attributes": []
        }
      ]
    },
    {
      "module": "module.bootstrap.module.terraform_state_bucket_logs",
      "mode": "managed",
      "type": "aws_s3_bucket_acl",
      "name": "aws_logs",
      "provider": "provider[\"registry.terraform.io/hashicorp/aws\"]",
      "instances": []
    },
    {
      "module": "module.bootstrap.module.terraform_state_bucket_logs",
      "mode": "managed",
      "type": "aws_s3_bucket_lifecycle_configuration",
      "name": "aws_logs",
      "provider": "provider[\"registry.terraform.io/hashicorp/aws\"]",
      "instances": []
    },
    {
      "module": "module.bootstrap.module.terraform_state_bucket_logs",
      "mode": "managed",
      "type": "aws_s3_bucket_policy",
      "name": "aws_logs",
      "provider": "provider[\"registry.terraform.io/hashicorp/aws\"]",
      "instances": []
    },
    {
      "module": "module.bootstrap.module.terraform_state_bucket_logs",
      "mode": "managed",
      "type": "aws_s3_bucket_public_access_block",
      "name": "public_access_block",
      "provider": "provider[\"registry.terraform.io/hashicorp/aws\"]",
      "instances": []
    },
    {
      "module": "module.bootstrap.module.terraform_state_bucket_logs",
      "mode": "managed",
      "type": "aws_s3_bucket_server_side_encryption_configuration",
      "name": "aws_logs",
      "provider": "provider[\"registry.terraform.io/hashicorp/aws\"]",
      "instances": []
    },
    {
      "module": "module.bootstrap.module.terraform_state_bucket_logs",
      "mode": "managed",
      "type": "aws_s3_bucket_versioning",
      "name": "aws_logs",
      "provider": "provider[\"registry.terraform.io/hashicorp/aws\"]",
      "instances": []
    }
  ],
  "check_results": null
}
